{
  "name": "stemanalyzer",
  "version": "1.0.0",
  "lockfileVersion": 1,
  "requires": true,
  "dependencies": {
    "array-iterate": {
      "version": "1.1.1",
      "resolved": "https://registry.npmjs.org/array-iterate/-/array-iterate-1.1.1.tgz",
      "integrity": "sha1-hlv3+K851rCYLGCQKRSsdrwBCPY="
    },
    "commander": {
      "version": "2.12.2",
      "resolved": "https://registry.npmjs.org/commander/-/commander-2.12.2.tgz",
      "integrity": "sha512-BFnaq5ZOGcDN7FlrtBT4xxkgIToalIIxwjxLWVJ8bGTpe1LroqMiqQXdA7ygc7CRvaYS+9zfPGFnJqFSayx+AA=="
    },
    "nlcst-to-string": {
      "version": "2.0.1",
      "resolved": "https://registry.npmjs.org/nlcst-to-string/-/nlcst-to-string-2.0.1.tgz",
      "integrity": "sha1-+Q88+QXBN9yO3Ycn+83nPnPCodk="
    },
    "parse-english": {
      "version": "4.1.0",
      "resolved": "https://registry.npmjs.org/parse-english/-/parse-english-4.1.0.tgz",
      "integrity": "sha512-gj0dubsg1Kg9WgB9QF/WcF8C4y0tKytj0+B/S/R2Y3NMfNPwxpg+MAkqnEodzYkcCZmelLXFaKB3d1ihBMR7og==",
      "requires": {
        "nlcst-to-string": "2.0.1",
        "parse-latin": "4.1.0",
        "unist-util-modify-children": "1.1.1",
        "unist-util-visit-children": "1.1.1"
      }
    },
    "parse-latin": {
      "version": "4.1.0",
      "resolved": "https://registry.npmjs.org/parse-latin/-/parse-latin-4.1.0.tgz",
      "integrity": "sha512-mLNys0aA6v2bt4+/dmM5F7tRrLZ45Wg19++xr8iCo813NdurhIAiZpcXwvb086DvVGwSkcGUmz+AkbthMVVNyg==",
      "requires": {
        "nlcst-to-string": "2.0.1",
        "unist-util-modify-children": "1.1.1",
        "unist-util-visit-children": "1.1.1"
      }
    },
    "stemmer": {
      "version": "1.0.2",
      "resolved": "https://registry.npmjs.org/stemmer/-/stemmer-1.0.2.tgz",
      "integrity": "sha1-Ha/SoD01A1NvPhUy2nj77iKeACQ="
    },
    "unist-util-modify-children": {
      "version": "1.1.1",
      "resolved": "https://registry.npmjs.org/unist-util-modify-children/-/unist-util-modify-children-1.1.1.tgz",
      "integrity": "sha1-ZtfmpEnm9nIguXarPLi166w55R0=",
      "requires": {
        "array-iterate": "1.1.1"
      }
    },
    "unist-util-visit-children": {
      "version": "1.1.1",
      "resolved": "https://registry.npmjs.org/unist-util-visit-children/-/unist-util-visit-children-1.1.1.tgz",
      "integrity": "sha1-66Y7NxEWIxGBBog3EYtubhDsiEQ="
    }
  }
}
